// !$*UTF8*$!
{
	archiveVersion = 1;
	classes = {
	};
	objectVersion = 52;
	objects = {

/* Begin PBXBuildFile section */
		2421C5E07DE6C1CBA07953B3 /* Pods_GluconfidenceCapstoneTests.framework in Frameworks */ = {isa = PBXBuildFile; fileRef = 1AA43590A966979FCE6F0B3D /* Pods_GluconfidenceCapstoneTests.framework */; };
		CCA23C810584A16832683686 /* Pods_GluconfidenceCapstone.framework in Frameworks */ = {isa = PBXBuildFile; fileRef = 19AA1ECC132CA9122575A763 /* Pods_GluconfidenceCapstone.framework */; };
		F28F96295E1EE04418E74EFF /* Pods_GluconfidenceCapstone_GluconfidenceCapstoneUITests.framework in Frameworks */ = {isa = PBXBuildFile; fileRef = 6CCED9C11DE0176DBD2AB80B /* Pods_GluconfidenceCapstone_GluconfidenceCapstoneUITests.framework */; };
		FDBD80A125F02BF50039BF0B /* AppDelegate.swift in Sources */ = {isa = PBXBuildFile; fileRef = FDBD80A025F02BF50039BF0B /* AppDelegate.swift */; };
		FDBD80A325F02BF50039BF0B /* SceneDelegate.swift in Sources */ = {isa = PBXBuildFile; fileRef = FDBD80A225F02BF50039BF0B /* SceneDelegate.swift */; };
		FDBD80A525F02BF50039BF0B /* ViewController.swift in Sources */ = {isa = PBXBuildFile; fileRef = FDBD80A425F02BF50039BF0B /* ViewController.swift */; };
		FDBD80A825F02BF50039BF0B /* Main.storyboard in Resources */ = {isa = PBXBuildFile; fileRef = FDBD80A625F02BF50039BF0B /* Main.storyboard */; };
		FDBD80AB25F02BF60039BF0B /* GluconfidenceCapstone.xcdatamodeld in Sources */ = {isa = PBXBuildFile; fileRef = FDBD80A925F02BF60039BF0B /* GluconfidenceCapstone.xcdatamodeld */; };
		FDBD80AD25F02BF60039BF0B /* Assets.xcassets in Resources */ = {isa = PBXBuildFile; fileRef = FDBD80AC25F02BF60039BF0B /* Assets.xcassets */; };
		FDBD80B025F02BF60039BF0B /* LaunchScreen.storyboard in Resources */ = {isa = PBXBuildFile; fileRef = FDBD80AE25F02BF60039BF0B /* LaunchScreen.storyboard */; };
		FDBD80BB25F02BF60039BF0B /* GluconfidenceCapstoneTests.swift in Sources */ = {isa = PBXBuildFile; fileRef = FDBD80BA25F02BF60039BF0B /* GluconfidenceCapstoneTests.swift */; };
		FDBD80C625F02BF60039BF0B /* GluconfidenceCapstoneUITests.swift in Sources */ = {isa = PBXBuildFile; fileRef = FDBD80C525F02BF60039BF0B /* GluconfidenceCapstoneUITests.swift */; };
		FDBD80F525F02D760039BF0B /* HomeViewController.swift in Sources */ = {isa = PBXBuildFile; fileRef = FDBD80F425F02D760039BF0B /* HomeViewController.swift */; };
		FDBD80FA25F02D940039BF0B /* SidebarViewController.swift in Sources */ = {isa = PBXBuildFile; fileRef = FDBD80F925F02D940039BF0B /* SidebarViewController.swift */; };
		FDBD80FF25F02DAF0039BF0B /* SummariesViewController.swift in Sources */ = {isa = PBXBuildFile; fileRef = FDBD80FE25F02DAF0039BF0B /* SummariesViewController.swift */; };
		FDBD810625F02E0C0039BF0B /* SWRevealViewController.m in Sources */ = {isa = PBXBuildFile; fileRef = FDBD810525F02E0C0039BF0B /* SWRevealViewController.m */; };
		FDBD810B25F1AFA70039BF0B /* TreatmentViewController.swift in Sources */ = {isa = PBXBuildFile; fileRef = FDBD810A25F1AFA70039BF0B /* TreatmentViewController.swift */; };
		FDD6A6D025F4ACB100C4DA82 /* UserDisclaimerViewController.swift in Sources */ = {isa = PBXBuildFile; fileRef = FDD6A6CF25F4ACB100C4DA82 /* UserDisclaimerViewController.swift */; };
		FDD6A6D825F4AEB300C4DA82 /* CheckBox.swift in Sources */ = {isa = PBXBuildFile; fileRef = FDD6A6D725F4AEB300C4DA82 /* CheckBox.swift */; };
		FDD6A6E825F58DA000C4DA82 /* DbConnect.php in Resources */ = {isa = PBXBuildFile; fileRef = FDD6A6E725F58DA000C4DA82 /* DbConnect.php */; };
		FDD6A6ED25F58DD700C4DA82 /* Config.php in Resources */ = {isa = PBXBuildFile; fileRef = FDD6A6EC25F58DD700C4DA82 /* Config.php */; };
		FDD6A6F525F58F7F00C4DA82 /* DbOperation.php in Resources */ = {isa = PBXBuildFile; fileRef = FDD6A6F425F58F7F00C4DA82 /* DbOperation.php */; };
		FDD6A6FA25F5931B00C4DA82 /* createteam.php in Resources */ = {isa = PBXBuildFile; fileRef = FDD6A6F925F5931B00C4DA82 /* createteam.php */; };
		FDD6A70725F9476200C4DA82 /* CalendarViewController.swift in Sources */ = {isa = PBXBuildFile; fileRef = FDD6A70625F9476200C4DA82 /* CalendarViewController.swift */; };
		FDD6A70D2603F2B800C4DA82 /* ElegantCalendar in Frameworks */ = {isa = PBXBuildFile; productRef = FDD6A70C2603F2B800C4DA82 /* ElegantCalendar */; };
		FDD6A712260D44ED00C4DA82 /* LowRecoveryViewController.swift in Sources */ = {isa = PBXBuildFile; fileRef = FDD6A711260D44ED00C4DA82 /* LowRecoveryViewController.swift */; };
		FDD6A717260D46B800C4DA82 /* PersonalInfoViewController.swift in Sources */ = {isa = PBXBuildFile; fileRef = FDD6A716260D46B800C4DA82 /* PersonalInfoViewController.swift */; };
		FDD6A77926281A3300C4DA82 /* TimeValueFormatter.swift in Sources */ = {isa = PBXBuildFile; fileRef = FDD6A77826281A3300C4DA82 /* TimeValueFormatter.swift */; };
		FDD6A77E262884B700C4DA82 /* LoginViewController.swift in Sources */ = {isa = PBXBuildFile; fileRef = FDD6A77D262884B700C4DA82 /* LoginViewController.swift */; };
		FDD6A78B2628884300C4DA82 /* InitialAccountViewController.swift in Sources */ = {isa = PBXBuildFile; fileRef = FDD6A78A2628884300C4DA82 /* InitialAccountViewController.swift */; };
		FDD6A7902628C7A200C4DA82 /* TimestampModel.swift in Sources */ = {isa = PBXBuildFile; fileRef = FDD6A78F2628C7A200C4DA82 /* TimestampModel.swift */; };
		FDD6A79F262D32D400C4DA82 /* LowEventModel.swift in Sources */ = {isa = PBXBuildFile; fileRef = FDD6A79E262D32D400C4DA82 /* LowEventModel.swift */; };
/* End PBXBuildFile section */

/* Begin PBXContainerItemProxy section */
		FDBD80B725F02BF60039BF0B /* PBXContainerItemProxy */ = {
			isa = PBXContainerItemProxy;
			containerPortal = FDBD809525F02BF50039BF0B /* Project object */;
			proxyType = 1;
			remoteGlobalIDString = FDBD809C25F02BF50039BF0B;
			remoteInfo = GluconfidenceCapstone;
		};
		FDBD80C225F02BF60039BF0B /* PBXContainerItemProxy */ = {
			isa = PBXContainerItemProxy;
			containerPortal = FDBD809525F02BF50039BF0B /* Project object */;
			proxyType = 1;
			remoteGlobalIDString = FDBD809C25F02BF50039BF0B;
			remoteInfo = GluconfidenceCapstone;
		};
/* End PBXContainerItemProxy section */

/* Begin PBXFileReference section */
		19AA1ECC132CA9122575A763 /* Pods_GluconfidenceCapstone.framework */ = {isa = PBXFileReference; explicitFileType = wrapper.framework; includeInIndex = 0; path = Pods_GluconfidenceCapstone.framework; sourceTree = BUILT_PRODUCTS_DIR; };
		1AA43590A966979FCE6F0B3D /* Pods_GluconfidenceCapstoneTests.framework */ = {isa = PBXFileReference; explicitFileType = wrapper.framework; includeInIndex = 0; path = Pods_GluconfidenceCapstoneTests.framework; sourceTree = BUILT_PRODUCTS_DIR; };
		2BBAB2DE468EFD9D7CD05BF0 /* Pods-GluconfidenceCapstoneTests.debug.xcconfig */ = {isa = PBXFileReference; includeInIndex = 1; lastKnownFileType = text.xcconfig; name = "Pods-GluconfidenceCapstoneTests.debug.xcconfig"; path = "Target Support Files/Pods-GluconfidenceCapstoneTests/Pods-GluconfidenceCapstoneTests.debug.xcconfig"; sourceTree = "<group>"; };
		40845F19302275FDDBA97343 /* Pods-GluconfidenceCapstone.debug.xcconfig */ = {isa = PBXFileReference; includeInIndex = 1; lastKnownFileType = text.xcconfig; name = "Pods-GluconfidenceCapstone.debug.xcconfig"; path = "Target Support Files/Pods-GluconfidenceCapstone/Pods-GluconfidenceCapstone.debug.xcconfig"; sourceTree = "<group>"; };
		4750CE10D249AC4D1AAB1294 /* Pods-GluconfidenceCapstoneTests.release.xcconfig */ = {isa = PBXFileReference; includeInIndex = 1; lastKnownFileType = text.xcconfig; name = "Pods-GluconfidenceCapstoneTests.release.xcconfig"; path = "Target Support Files/Pods-GluconfidenceCapstoneTests/Pods-GluconfidenceCapstoneTests.release.xcconfig"; sourceTree = "<group>"; };
		6CCED9C11DE0176DBD2AB80B /* Pods_GluconfidenceCapstone_GluconfidenceCapstoneUITests.framework */ = {isa = PBXFileReference; explicitFileType = wrapper.framework; includeInIndex = 0; path = Pods_GluconfidenceCapstone_GluconfidenceCapstoneUITests.framework; sourceTree = BUILT_PRODUCTS_DIR; };
		9332397BC2AB38AABFE6E3AE /* Pods-GluconfidenceCapstone-GluconfidenceCapstoneUITests.release.xcconfig */ = {isa = PBXFileReference; includeInIndex = 1; lastKnownFileType = text.xcconfig; name = "Pods-GluconfidenceCapstone-GluconfidenceCapstoneUITests.release.xcconfig"; path = "Target Support Files/Pods-GluconfidenceCapstone-GluconfidenceCapstoneUITests/Pods-GluconfidenceCapstone-GluconfidenceCapstoneUITests.release.xcconfig"; sourceTree = "<group>"; };
		9483F291121A261AE20B9888 /* Pods-GluconfidenceCapstone.release.xcconfig */ = {isa = PBXFileReference; includeInIndex = 1; lastKnownFileType = text.xcconfig; name = "Pods-GluconfidenceCapstone.release.xcconfig"; path = "Target Support Files/Pods-GluconfidenceCapstone/Pods-GluconfidenceCapstone.release.xcconfig"; sourceTree = "<group>"; };
		F16E1DB5EAFA1AE5BB6BC641 /* Pods-GluconfidenceCapstone-GluconfidenceCapstoneUITests.debug.xcconfig */ = {isa = PBXFileReference; includeInIndex = 1; lastKnownFileType = text.xcconfig; name = "Pods-GluconfidenceCapstone-GluconfidenceCapstoneUITests.debug.xcconfig"; path = "Target Support Files/Pods-GluconfidenceCapstone-GluconfidenceCapstoneUITests/Pods-GluconfidenceCapstone-GluconfidenceCapstoneUITests.debug.xcconfig"; sourceTree = "<group>"; };
		FDBD809D25F02BF50039BF0B /* GluconfidenceCapstone.app */ = {isa = PBXFileReference; explicitFileType = wrapper.application; includeInIndex = 0; path = GluconfidenceCapstone.app; sourceTree = BUILT_PRODUCTS_DIR; };
		FDBD80A025F02BF50039BF0B /* AppDelegate.swift */ = {isa = PBXFileReference; lastKnownFileType = sourcecode.swift; path = AppDelegate.swift; sourceTree = "<group>"; };
		FDBD80A225F02BF50039BF0B /* SceneDelegate.swift */ = {isa = PBXFileReference; lastKnownFileType = sourcecode.swift; path = SceneDelegate.swift; sourceTree = "<group>"; };
		FDBD80A425F02BF50039BF0B /* ViewController.swift */ = {isa = PBXFileReference; lastKnownFileType = sourcecode.swift; path = ViewController.swift; sourceTree = "<group>"; };
		FDBD80A725F02BF50039BF0B /* Base */ = {isa = PBXFileReference; lastKnownFileType = file.storyboard; name = Base; path = Base.lproj/Main.storyboard; sourceTree = "<group>"; };
		FDBD80AA25F02BF60039BF0B /* GluconfidenceCapstone.xcdatamodel */ = {isa = PBXFileReference; lastKnownFileType = wrapper.xcdatamodel; path = GluconfidenceCapstone.xcdatamodel; sourceTree = "<group>"; };
		FDBD80AC25F02BF60039BF0B /* Assets.xcassets */ = {isa = PBXFileReference; lastKnownFileType = folder.assetcatalog; path = Assets.xcassets; sourceTree = "<group>"; };
		FDBD80AF25F02BF60039BF0B /* Base */ = {isa = PBXFileReference; lastKnownFileType = file.storyboard; name = Base; path = Base.lproj/LaunchScreen.storyboard; sourceTree = "<group>"; };
		FDBD80B125F02BF60039BF0B /* Info.plist */ = {isa = PBXFileReference; lastKnownFileType = text.plist.xml; path = Info.plist; sourceTree = "<group>"; };
		FDBD80B625F02BF60039BF0B /* GluconfidenceCapstoneTests.xctest */ = {isa = PBXFileReference; explicitFileType = wrapper.cfbundle; includeInIndex = 0; path = GluconfidenceCapstoneTests.xctest; sourceTree = BUILT_PRODUCTS_DIR; };
		FDBD80BA25F02BF60039BF0B /* GluconfidenceCapstoneTests.swift */ = {isa = PBXFileReference; lastKnownFileType = sourcecode.swift; path = GluconfidenceCapstoneTests.swift; sourceTree = "<group>"; };
		FDBD80BC25F02BF60039BF0B /* Info.plist */ = {isa = PBXFileReference; lastKnownFileType = text.plist.xml; path = Info.plist; sourceTree = "<group>"; };
		FDBD80C125F02BF60039BF0B /* GluconfidenceCapstoneUITests.xctest */ = {isa = PBXFileReference; explicitFileType = wrapper.cfbundle; includeInIndex = 0; path = GluconfidenceCapstoneUITests.xctest; sourceTree = BUILT_PRODUCTS_DIR; };
		FDBD80C525F02BF60039BF0B /* GluconfidenceCapstoneUITests.swift */ = {isa = PBXFileReference; lastKnownFileType = sourcecode.swift; path = GluconfidenceCapstoneUITests.swift; sourceTree = "<group>"; };
		FDBD80C725F02BF60039BF0B /* Info.plist */ = {isa = PBXFileReference; lastKnownFileType = text.plist.xml; path = Info.plist; sourceTree = "<group>"; };
		FDBD80F425F02D760039BF0B /* HomeViewController.swift */ = {isa = PBXFileReference; lastKnownFileType = sourcecode.swift; path = HomeViewController.swift; sourceTree = "<group>"; };
		FDBD80F925F02D940039BF0B /* SidebarViewController.swift */ = {isa = PBXFileReference; lastKnownFileType = sourcecode.swift; path = SidebarViewController.swift; sourceTree = "<group>"; };
		FDBD80FE25F02DAF0039BF0B /* SummariesViewController.swift */ = {isa = PBXFileReference; lastKnownFileType = sourcecode.swift; path = SummariesViewController.swift; sourceTree = "<group>"; };
		FDBD810325F02DFD0039BF0B /* SWRevealViewController.h */ = {isa = PBXFileReference; lastKnownFileType = sourcecode.c.h; name = SWRevealViewController.h; path = ../../../Downloads/SWRevealViewController.h; sourceTree = "<group>"; };
		FDBD810425F02E0B0039BF0B /* GluconfidenceCapstone-Bridging-Header.h */ = {isa = PBXFileReference; lastKnownFileType = sourcecode.c.h; path = "GluconfidenceCapstone-Bridging-Header.h"; sourceTree = "<group>"; };
		FDBD810525F02E0C0039BF0B /* SWRevealViewController.m */ = {isa = PBXFileReference; fileEncoding = 4; lastKnownFileType = sourcecode.c.objc; name = SWRevealViewController.m; path = ../../../Downloads/SWRevealViewController.m; sourceTree = "<group>"; };
		FDBD810A25F1AFA70039BF0B /* TreatmentViewController.swift */ = {isa = PBXFileReference; lastKnownFileType = sourcecode.swift; path = TreatmentViewController.swift; sourceTree = "<group>"; };
		FDD6A6CF25F4ACB100C4DA82 /* UserDisclaimerViewController.swift */ = {isa = PBXFileReference; lastKnownFileType = sourcecode.swift; path = UserDisclaimerViewController.swift; sourceTree = "<group>"; };
		FDD6A6D725F4AEB300C4DA82 /* CheckBox.swift */ = {isa = PBXFileReference; lastKnownFileType = sourcecode.swift; path = CheckBox.swift; sourceTree = "<group>"; };
		FDD6A6E725F58DA000C4DA82 /* DbConnect.php */ = {isa = PBXFileReference; lastKnownFileType = text.script.php; path = DbConnect.php; sourceTree = "<group>"; };
		FDD6A6EC25F58DD700C4DA82 /* Config.php */ = {isa = PBXFileReference; lastKnownFileType = text.script.php; path = Config.php; sourceTree = "<group>"; };
		FDD6A6F425F58F7F00C4DA82 /* DbOperation.php */ = {isa = PBXFileReference; lastKnownFileType = text.script.php; path = DbOperation.php; sourceTree = "<group>"; };
		FDD6A6F925F5931B00C4DA82 /* createteam.php */ = {isa = PBXFileReference; lastKnownFileType = text.script.php; path = createteam.php; sourceTree = "<group>"; };
		FDD6A70625F9476200C4DA82 /* CalendarViewController.swift */ = {isa = PBXFileReference; lastKnownFileType = sourcecode.swift; path = CalendarViewController.swift; sourceTree = "<group>"; };
		FDD6A711260D44ED00C4DA82 /* LowRecoveryViewController.swift */ = {isa = PBXFileReference; lastKnownFileType = sourcecode.swift; path = LowRecoveryViewController.swift; sourceTree = "<group>"; };
		FDD6A716260D46B800C4DA82 /* PersonalInfoViewController.swift */ = {isa = PBXFileReference; lastKnownFileType = sourcecode.swift; path = PersonalInfoViewController.swift; sourceTree = "<group>"; };
		FDD6A77826281A3300C4DA82 /* TimeValueFormatter.swift */ = {isa = PBXFileReference; lastKnownFileType = sourcecode.swift; path = TimeValueFormatter.swift; sourceTree = "<group>"; };
		FDD6A77D262884B700C4DA82 /* LoginViewController.swift */ = {isa = PBXFileReference; lastKnownFileType = sourcecode.swift; path = LoginViewController.swift; sourceTree = "<group>"; };
		FDD6A78A2628884300C4DA82 /* InitialAccountViewController.swift */ = {isa = PBXFileReference; lastKnownFileType = sourcecode.swift; path = InitialAccountViewController.swift; sourceTree = "<group>"; };
		FDD6A78F2628C7A200C4DA82 /* TimestampModel.swift */ = {isa = PBXFileReference; lastKnownFileType = sourcecode.swift; path = TimestampModel.swift; sourceTree = "<group>"; };
		FDD6A79E262D32D400C4DA82 /* LowEventModel.swift */ = {isa = PBXFileReference; lastKnownFileType = sourcecode.swift; path = LowEventModel.swift; sourceTree = "<group>"; };
/* End PBXFileReference section */

/* Begin PBXFrameworksBuildPhase section */
		FDBD809A25F02BF50039BF0B /* Frameworks */ = {
			isa = PBXFrameworksBuildPhase;
			buildActionMask = 2147483647;
			files = (
				FDD6A70D2603F2B800C4DA82 /* ElegantCalendar in Frameworks */,
				CCA23C810584A16832683686 /* Pods_GluconfidenceCapstone.framework in Frameworks */,
			);
			runOnlyForDeploymentPostprocessing = 0;
		};
		FDBD80B325F02BF60039BF0B /* Frameworks */ = {
			isa = PBXFrameworksBuildPhase;
			buildActionMask = 2147483647;
			files = (
				2421C5E07DE6C1CBA07953B3 /* Pods_GluconfidenceCapstoneTests.framework in Frameworks */,
			);
			runOnlyForDeploymentPostprocessing = 0;
		};
		FDBD80BE25F02BF60039BF0B /* Frameworks */ = {
			isa = PBXFrameworksBuildPhase;
			buildActionMask = 2147483647;
			files = (
				F28F96295E1EE04418E74EFF /* Pods_GluconfidenceCapstone_GluconfidenceCapstoneUITests.framework in Frameworks */,
			);
			runOnlyForDeploymentPostprocessing = 0;
		};
/* End PBXFrameworksBuildPhase section */

/* Begin PBXGroup section */
		A74AA4E786A5E1F09AA80010 /* Pods */ = {
			isa = PBXGroup;
			children = (
				40845F19302275FDDBA97343 /* Pods-GluconfidenceCapstone.debug.xcconfig */,
				9483F291121A261AE20B9888 /* Pods-GluconfidenceCapstone.release.xcconfig */,
				F16E1DB5EAFA1AE5BB6BC641 /* Pods-GluconfidenceCapstone-GluconfidenceCapstoneUITests.debug.xcconfig */,
				9332397BC2AB38AABFE6E3AE /* Pods-GluconfidenceCapstone-GluconfidenceCapstoneUITests.release.xcconfig */,
				2BBAB2DE468EFD9D7CD05BF0 /* Pods-GluconfidenceCapstoneTests.debug.xcconfig */,
				4750CE10D249AC4D1AAB1294 /* Pods-GluconfidenceCapstoneTests.release.xcconfig */,
			);
			path = Pods;
			sourceTree = "<group>";
		};
		B6B72B8225FDEBDC82DE6CCA /* Frameworks */ = {
			isa = PBXGroup;
			children = (
				19AA1ECC132CA9122575A763 /* Pods_GluconfidenceCapstone.framework */,
				6CCED9C11DE0176DBD2AB80B /* Pods_GluconfidenceCapstone_GluconfidenceCapstoneUITests.framework */,
				1AA43590A966979FCE6F0B3D /* Pods_GluconfidenceCapstoneTests.framework */,
			);
			name = Frameworks;
			sourceTree = "<group>";
		};
		FDBD809425F02BF50039BF0B = {
			isa = PBXGroup;
			children = (
				FDBD809F25F02BF50039BF0B /* GluconfidenceCapstone */,
				FDBD80B925F02BF60039BF0B /* GluconfidenceCapstoneTests */,
				FDBD80C425F02BF60039BF0B /* GluconfidenceCapstoneUITests */,
				FDBD809E25F02BF50039BF0B /* Products */,
				A74AA4E786A5E1F09AA80010 /* Pods */,
				B6B72B8225FDEBDC82DE6CCA /* Frameworks */,
			);
			sourceTree = "<group>";
		};
		FDBD809E25F02BF50039BF0B /* Products */ = {
			isa = PBXGroup;
			children = (
				FDBD809D25F02BF50039BF0B /* GluconfidenceCapstone.app */,
				FDBD80B625F02BF60039BF0B /* GluconfidenceCapstoneTests.xctest */,
				FDBD80C125F02BF60039BF0B /* GluconfidenceCapstoneUITests.xctest */,
			);
			name = Products;
			sourceTree = "<group>";
		};
		FDBD809F25F02BF50039BF0B /* GluconfidenceCapstone */ = {
			isa = PBXGroup;
			children = (
				FDBD80D625F02C180039BF0B /* Controller */,
				FDBD80A025F02BF50039BF0B /* AppDelegate.swift */,
				FDBD80A225F02BF50039BF0B /* SceneDelegate.swift */,
				FDBD810525F02E0C0039BF0B /* SWRevealViewController.m */,
				FDBD80A425F02BF50039BF0B /* ViewController.swift */,
				FDBD80A625F02BF50039BF0B /* Main.storyboard */,
				FDD6A6D725F4AEB300C4DA82 /* CheckBox.swift */,
				FDBD80AC25F02BF60039BF0B /* Assets.xcassets */,
				FDBD80AE25F02BF60039BF0B /* LaunchScreen.storyboard */,
				FDBD810325F02DFD0039BF0B /* SWRevealViewController.h */,
				FDBD80B125F02BF60039BF0B /* Info.plist */,
				FDBD80A925F02BF60039BF0B /* GluconfidenceCapstone.xcdatamodeld */,
				FDBD810425F02E0B0039BF0B /* GluconfidenceCapstone-Bridging-Header.h */,
				FDD6A6E725F58DA000C4DA82 /* DbConnect.php */,
				FDD6A6EC25F58DD700C4DA82 /* Config.php */,
				FDD6A6F425F58F7F00C4DA82 /* DbOperation.php */,
				FDD6A6F925F5931B00C4DA82 /* createteam.php */,
				FDD6A77826281A3300C4DA82 /* TimeValueFormatter.swift */,
				FDD6A78F2628C7A200C4DA82 /* TimestampModel.swift */,
				FDD6A79E262D32D400C4DA82 /* LowEventModel.swift */,
			);
			path = GluconfidenceCapstone;
			sourceTree = "<group>";
		};
		FDBD80B925F02BF60039BF0B /* GluconfidenceCapstoneTests */ = {
			isa = PBXGroup;
			children = (
				FDBD80BA25F02BF60039BF0B /* GluconfidenceCapstoneTests.swift */,
				FDBD80BC25F02BF60039BF0B /* Info.plist */,
			);
			path = GluconfidenceCapstoneTests;
			sourceTree = "<group>";
		};
		FDBD80C425F02BF60039BF0B /* GluconfidenceCapstoneUITests */ = {
			isa = PBXGroup;
			children = (
				FDBD80C525F02BF60039BF0B /* GluconfidenceCapstoneUITests.swift */,
				FDBD80C725F02BF60039BF0B /* Info.plist */,
			);
			path = GluconfidenceCapstoneUITests;
			sourceTree = "<group>";
		};
		FDBD80D625F02C180039BF0B /* Controller */ = {
			isa = PBXGroup;
			children = (
				FDBD80F425F02D760039BF0B /* HomeViewController.swift */,
				FDBD80F925F02D940039BF0B /* SidebarViewController.swift */,
				FDBD80FE25F02DAF0039BF0B /* SummariesViewController.swift */,
				FDBD810A25F1AFA70039BF0B /* TreatmentViewController.swift */,
				FDD6A6CF25F4ACB100C4DA82 /* UserDisclaimerViewController.swift */,
				FDD6A70625F9476200C4DA82 /* CalendarViewController.swift */,
				FDD6A711260D44ED00C4DA82 /* LowRecoveryViewController.swift */,
				FDD6A716260D46B800C4DA82 /* PersonalInfoViewController.swift */,
				FDD6A77D262884B700C4DA82 /* LoginViewController.swift */,
				FDD6A78A2628884300C4DA82 /* InitialAccountViewController.swift */,
			);
			path = Controller;
			sourceTree = "<group>";
		};
/* End PBXGroup section */

/* Begin PBXNativeTarget section */
		FDBD809C25F02BF50039BF0B /* GluconfidenceCapstone */ = {
			isa = PBXNativeTarget;
			buildConfigurationList = FDBD80CA25F02BF60039BF0B /* Build configuration list for PBXNativeTarget "GluconfidenceCapstone" */;
			buildPhases = (
				4F879B2AA6087F2ECC8332FA /* [CP] Check Pods Manifest.lock */,
				FDBD809925F02BF50039BF0B /* Sources */,
				FDBD809A25F02BF50039BF0B /* Frameworks */,
				FDBD809B25F02BF50039BF0B /* Resources */,
				6813F3CB3AD0ADF94A06652B /* [CP] Embed Pods Frameworks */,
			);
			buildRules = (
			);
			dependencies = (
			);
			name = GluconfidenceCapstone;
			packageProductDependencies = (
				FDD6A70C2603F2B800C4DA82 /* ElegantCalendar */,
			);
			productName = GluconfidenceCapstone;
			productReference = FDBD809D25F02BF50039BF0B /* GluconfidenceCapstone.app */;
			productType = "com.apple.product-type.application";
		};
		FDBD80B525F02BF60039BF0B /* GluconfidenceCapstoneTests */ = {
			isa = PBXNativeTarget;
			buildConfigurationList = FDBD80CD25F02BF60039BF0B /* Build configuration list for PBXNativeTarget "GluconfidenceCapstoneTests" */;
			buildPhases = (
				33648611480233FB7FEC69CF /* [CP] Check Pods Manifest.lock */,
				FDBD80B225F02BF60039BF0B /* Sources */,
				FDBD80B325F02BF60039BF0B /* Frameworks */,
				FDBD80B425F02BF60039BF0B /* Resources */,
			);
			buildRules = (
			);
			dependencies = (
				FDBD80B825F02BF60039BF0B /* PBXTargetDependency */,
			);
			name = GluconfidenceCapstoneTests;
			productName = GluconfidenceCapstoneTests;
			productReference = FDBD80B625F02BF60039BF0B /* GluconfidenceCapstoneTests.xctest */;
			productType = "com.apple.product-type.bundle.unit-test";
		};
		FDBD80C025F02BF60039BF0B /* GluconfidenceCapstoneUITests */ = {
			isa = PBXNativeTarget;
			buildConfigurationList = FDBD80D025F02BF60039BF0B /* Build configuration list for PBXNativeTarget "GluconfidenceCapstoneUITests" */;
			buildPhases = (
				53EC4398D35274A8702DC16B /* [CP] Check Pods Manifest.lock */,
				FDBD80BD25F02BF60039BF0B /* Sources */,
				FDBD80BE25F02BF60039BF0B /* Frameworks */,
				FDBD80BF25F02BF60039BF0B /* Resources */,
				74173025B3560FF60B913AE8 /* [CP] Embed Pods Frameworks */,
			);
			buildRules = (
			);
			dependencies = (
				FDBD80C325F02BF60039BF0B /* PBXTargetDependency */,
			);
			name = GluconfidenceCapstoneUITests;
			productName = GluconfidenceCapstoneUITests;
			productReference = FDBD80C125F02BF60039BF0B /* GluconfidenceCapstoneUITests.xctest */;
			productType = "com.apple.product-type.bundle.ui-testing";
		};
/* End PBXNativeTarget section */

/* Begin PBXProject section */
		FDBD809525F02BF50039BF0B /* Project object */ = {
			isa = PBXProject;
			attributes = {
				LastSwiftUpdateCheck = 1210;
				LastUpgradeCheck = 1210;
				TargetAttributes = {
					FDBD809C25F02BF50039BF0B = {
						CreatedOnToolsVersion = 12.1;
						LastSwiftMigration = 1210;
					};
					FDBD80B525F02BF60039BF0B = {
						CreatedOnToolsVersion = 12.1;
						TestTargetID = FDBD809C25F02BF50039BF0B;
					};
					FDBD80C025F02BF60039BF0B = {
						CreatedOnToolsVersion = 12.1;
						TestTargetID = FDBD809C25F02BF50039BF0B;
					};
				};
			};
			buildConfigurationList = FDBD809825F02BF50039BF0B /* Build configuration list for PBXProject "GluconfidenceCapstone" */;
			compatibilityVersion = "Xcode 9.3";
			developmentRegion = en;
			hasScannedForEncodings = 0;
			knownRegions = (
				en,
				Base,
			);
			mainGroup = FDBD809425F02BF50039BF0B;
			packageReferences = (
				FDD6A70B2603F2B800C4DA82 /* XCRemoteSwiftPackageReference "ElegantCalendar" */,
			);
			productRefGroup = FDBD809E25F02BF50039BF0B /* Products */;
			projectDirPath = "";
			projectRoot = "";
			targets = (
				FDBD809C25F02BF50039BF0B /* GluconfidenceCapstone */,
				FDBD80B525F02BF60039BF0B /* GluconfidenceCapstoneTests */,
				FDBD80C025F02BF60039BF0B /* GluconfidenceCapstoneUITests */,
			);
		};
/* End PBXProject section */

/* Begin PBXResourcesBuildPhase section */
		FDBD809B25F02BF50039BF0B /* Resources */ = {
			isa = PBXResourcesBuildPhase;
			buildActionMask = 2147483647;
			files = (
				FDD6A6F525F58F7F00C4DA82 /* DbOperation.php in Resources */,
				FDD6A6ED25F58DD700C4DA82 /* Config.php in Resources */,
				FDD6A6E825F58DA000C4DA82 /* DbConnect.php in Resources */,
				FDD6A6FA25F5931B00C4DA82 /* createteam.php in Resources */,
				FDBD80B025F02BF60039BF0B /* LaunchScreen.storyboard in Resources */,
				FDBD80AD25F02BF60039BF0B /* Assets.xcassets in Resources */,
				FDBD80A825F02BF50039BF0B /* Main.storyboard in Resources */,
			);
			runOnlyForDeploymentPostprocessing = 0;
		};
		FDBD80B425F02BF60039BF0B /* Resources */ = {
			isa = PBXResourcesBuildPhase;
			buildActionMask = 2147483647;
			files = (
			);
			runOnlyForDeploymentPostprocessing = 0;
		};
		FDBD80BF25F02BF60039BF0B /* Resources */ = {
			isa = PBXResourcesBuildPhase;
			buildActionMask = 2147483647;
			files = (
			);
			runOnlyForDeploymentPostprocessing = 0;
		};
/* End PBXResourcesBuildPhase section */

/* Begin PBXShellScriptBuildPhase section */
		33648611480233FB7FEC69CF /* [CP] Check Pods Manifest.lock */ = {
			isa = PBXShellScriptBuildPhase;
			buildActionMask = 2147483647;
			files = (
			);
			inputFileListPaths = (
			);
			inputPaths = (
				"${PODS_PODFILE_DIR_PATH}/Podfile.lock",
				"${PODS_ROOT}/Manifest.lock",
			);
			name = "[CP] Check Pods Manifest.lock";
			outputFileListPaths = (
			);
			outputPaths = (
				"$(DERIVED_FILE_DIR)/Pods-GluconfidenceCapstoneTests-checkManifestLockResult.txt",
			);
			runOnlyForDeploymentPostprocessing = 0;
			shellPath = /bin/sh;
			shellScript = "diff \"${PODS_PODFILE_DIR_PATH}/Podfile.lock\" \"${PODS_ROOT}/Manifest.lock\" > /dev/null\nif [ $? != 0 ] ; then\n    # print error to STDERR\n    echo \"error: The sandbox is not in sync with the Podfile.lock. Run 'pod install' or update your CocoaPods installation.\" >&2\n    exit 1\nfi\n# This output is used by Xcode 'outputs' to avoid re-running this script phase.\necho \"SUCCESS\" > \"${SCRIPT_OUTPUT_FILE_0}\"\n";
			showEnvVarsInLog = 0;
		};
		4F879B2AA6087F2ECC8332FA /* [CP] Check Pods Manifest.lock */ = {
			isa = PBXShellScriptBuildPhase;
			buildActionMask = 2147483647;
			files = (
			);
			inputFileListPaths = (
			);
			inputPaths = (
				"${PODS_PODFILE_DIR_PATH}/Podfile.lock",
				"${PODS_ROOT}/Manifest.lock",
			);
			name = "[CP] Check Pods Manifest.lock";
			outputFileListPaths = (
			);
			outputPaths = (
				"$(DERIVED_FILE_DIR)/Pods-GluconfidenceCapstone-checkManifestLockResult.txt",
			);
			runOnlyForDeploymentPostprocessing = 0;
			shellPath = /bin/sh;
			shellScript = "diff \"${PODS_PODFILE_DIR_PATH}/Podfile.lock\" \"${PODS_ROOT}/Manifest.lock\" > /dev/null\nif [ $? != 0 ] ; then\n    # print error to STDERR\n    echo \"error: The sandbox is not in sync with the Podfile.lock. Run 'pod install' or update your CocoaPods installation.\" >&2\n    exit 1\nfi\n# This output is used by Xcode 'outputs' to avoid re-running this script phase.\necho \"SUCCESS\" > \"${SCRIPT_OUTPUT_FILE_0}\"\n";
			showEnvVarsInLog = 0;
		};
		53EC4398D35274A8702DC16B /* [CP] Check Pods Manifest.lock */ = {
			isa = PBXShellScriptBuildPhase;
			buildActionMask = 2147483647;
			files = (
			);
			inputFileListPaths = (
			);
			inputPaths = (
				"${PODS_PODFILE_DIR_PATH}/Podfile.lock",
				"${PODS_ROOT}/Manifest.lock",
			);
			name = "[CP] Check Pods Manifest.lock";
			outputFileListPaths = (
			);
			outputPaths = (
				"$(DERIVED_FILE_DIR)/Pods-GluconfidenceCapstone-GluconfidenceCapstoneUITests-checkManifestLockResult.txt",
			);
			runOnlyForDeploymentPostprocessing = 0;
			shellPath = /bin/sh;
			shellScript = "diff \"${PODS_PODFILE_DIR_PATH}/Podfile.lock\" \"${PODS_ROOT}/Manifest.lock\" > /dev/null\nif [ $? != 0 ] ; then\n    # print error to STDERR\n    echo \"error: The sandbox is not in sync with the Podfile.lock. Run 'pod install' or update your CocoaPods installation.\" >&2\n    exit 1\nfi\n# This output is used by Xcode 'outputs' to avoid re-running this script phase.\necho \"SUCCESS\" > \"${SCRIPT_OUTPUT_FILE_0}\"\n";
			showEnvVarsInLog = 0;
		};
		6813F3CB3AD0ADF94A06652B /* [CP] Embed Pods Frameworks */ = {
			isa = PBXShellScriptBuildPhase;
			buildActionMask = 2147483647;
			files = (
			);
			inputFileListPaths = (
				"${PODS_ROOT}/Target Support Files/Pods-GluconfidenceCapstone/Pods-GluconfidenceCapstone-frameworks-${CONFIGURATION}-input-files.xcfilelist",
			);
			name = "[CP] Embed Pods Frameworks";
			outputFileListPaths = (
				"${PODS_ROOT}/Target Support Files/Pods-GluconfidenceCapstone/Pods-GluconfidenceCapstone-frameworks-${CONFIGURATION}-output-files.xcfilelist",
			);
			runOnlyForDeploymentPostprocessing = 0;
			shellPath = /bin/sh;
			shellScript = "\"${PODS_ROOT}/Target Support Files/Pods-GluconfidenceCapstone/Pods-GluconfidenceCapstone-frameworks.sh\"\n";
			showEnvVarsInLog = 0;
		};
		74173025B3560FF60B913AE8 /* [CP] Embed Pods Frameworks */ = {
			isa = PBXShellScriptBuildPhase;
			buildActionMask = 2147483647;
			files = (
			);
			inputFileListPaths = (
				"${PODS_ROOT}/Target Support Files/Pods-GluconfidenceCapstone-GluconfidenceCapstoneUITests/Pods-GluconfidenceCapstone-GluconfidenceCapstoneUITests-frameworks-${CONFIGURATION}-input-files.xcfilelist",
			);
			name = "[CP] Embed Pods Frameworks";
			outputFileListPaths = (
				"${PODS_ROOT}/Target Support Files/Pods-GluconfidenceCapstone-GluconfidenceCapstoneUITests/Pods-GluconfidenceCapstone-GluconfidenceCapstoneUITests-frameworks-${CONFIGURATION}-output-files.xcfilelist",
			);
			runOnlyForDeploymentPostprocessing = 0;
			shellPath = /bin/sh;
			shellScript = "\"${PODS_ROOT}/Target Support Files/Pods-GluconfidenceCapstone-GluconfidenceCapstoneUITests/Pods-GluconfidenceCapstone-GluconfidenceCapstoneUITests-frameworks.sh\"\n";
			showEnvVarsInLog = 0;
		};
/* End PBXShellScriptBuildPhase section */

/* Begin PBXSourcesBuildPhase section */
		FDBD809925F02BF50039BF0B /* Sources */ = {
			isa = PBXSourcesBuildPhase;
			buildActionMask = 2147483647;
			files = (
				FDBD80F525F02D760039BF0B /* HomeViewController.swift in Sources */,
				FDBD80FF25F02DAF0039BF0B /* SummariesViewController.swift in Sources */,
				FDD6A77926281A3300C4DA82 /* TimeValueFormatter.swift in Sources */,
				FDBD80FA25F02D940039BF0B /* SidebarViewController.swift in Sources */,
				FDD6A78B2628884300C4DA82 /* InitialAccountViewController.swift in Sources */,
				FDBD810B25F1AFA70039BF0B /* TreatmentViewController.swift in Sources */,
				FDBD810625F02E0C0039BF0B /* SWRevealViewController.m in Sources */,
				FDBD80A525F02BF50039BF0B /* ViewController.swift in Sources */,
				FDBD80AB25F02BF60039BF0B /* GluconfidenceCapstone.xcdatamodeld in Sources */,
				FDD6A79F262D32D400C4DA82 /* LowEventModel.swift in Sources */,
				FDD6A717260D46B800C4DA82 /* PersonalInfoViewController.swift in Sources */,
				FDD6A70725F9476200C4DA82 /* CalendarViewController.swift in Sources */,
				FDD6A6D825F4AEB300C4DA82 /* CheckBox.swift in Sources */,
				FDD6A7902628C7A200C4DA82 /* TimestampModel.swift in Sources */,
				FDD6A712260D44ED00C4DA82 /* LowRecoveryViewController.swift in Sources */,
				FDD6A77E262884B700C4DA82 /* LoginViewController.swift in Sources */,
				FDBD80A125F02BF50039BF0B /* AppDelegate.swift in Sources */,
				FDD6A6D025F4ACB100C4DA82 /* UserDisclaimerViewController.swift in Sources */,
				FDBD80A325F02BF50039BF0B /* SceneDelegate.swift in Sources */,
			);
			runOnlyForDeploymentPostprocessing = 0;
		};
		FDBD80B225F02BF60039BF0B /* Sources */ = {
			isa = PBXSourcesBuildPhase;
			buildActionMask = 2147483647;
			files = (
				FDBD80BB25F02BF60039BF0B /* GluconfidenceCapstoneTests.swift in Sources */,
			);
			runOnlyForDeploymentPostprocessing = 0;
		};
		FDBD80BD25F02BF60039BF0B /* Sources */ = {
			isa = PBXSourcesBuildPhase;
			buildActionMask = 2147483647;
			files = (
				FDBD80C625F02BF60039BF0B /* GluconfidenceCapstoneUITests.swift in Sources */,
			);
			runOnlyForDeploymentPostprocessing = 0;
		};
/* End PBXSourcesBuildPhase section */

/* Begin PBXTargetDependency section */
		FDBD80B825F02BF60039BF0B /* PBXTargetDependency */ = {
			isa = PBXTargetDependency;
			target = FDBD809C25F02BF50039BF0B /* GluconfidenceCapstone */;
			targetProxy = FDBD80B725F02BF60039BF0B /* PBXContainerItemProxy */;
		};
		FDBD80C325F02BF60039BF0B /* PBXTargetDependency */ = {
			isa = PBXTargetDependency;
			target = FDBD809C25F02BF50039BF0B /* GluconfidenceCapstone */;
			targetProxy = FDBD80C225F02BF60039BF0B /* PBXContainerItemProxy */;
		};
/* End PBXTargetDependency section */

/* Begin PBXVariantGroup section */
		FDBD80A625F02BF50039BF0B /* Main.storyboard */ = {
			isa = PBXVariantGroup;
			children = (
				FDBD80A725F02BF50039BF0B /* Base */,
			);
			name = Main.storyboard;
			sourceTree = "<group>";
		};
		FDBD80AE25F02BF60039BF0B /* LaunchScreen.storyboard */ = {
			isa = PBXVariantGroup;
			children = (
				FDBD80AF25F02BF60039BF0B /* Base */,
			);
			name = LaunchScreen.storyboard;
			sourceTree = "<group>";
		};
/* End PBXVariantGroup section */

/* Begin XCBuildConfiguration section */
		FDBD80C825F02BF60039BF0B /* Debug */ = {
			isa = XCBuildConfiguration;
			buildSettings = {
				ALWAYS_SEARCH_USER_PATHS = NO;
				CLANG_ANALYZER_NONNULL = YES;
				CLANG_ANALYZER_NUMBER_OBJECT_CONVERSION = YES_AGGRESSIVE;
				CLANG_CXX_LANGUAGE_STANDARD = "gnu++14";
				CLANG_CXX_LIBRARY = "libc++";
				CLANG_ENABLE_MODULES = YES;
				CLANG_ENABLE_OBJC_ARC = YES;
				CLANG_ENABLE_OBJC_WEAK = YES;
				CLANG_WARN_BLOCK_CAPTURE_AUTORELEASING = YES;
				CLANG_WARN_BOOL_CONVERSION = YES;
				CLANG_WARN_COMMA = YES;
				CLANG_WARN_CONSTANT_CONVERSION = YES;
				CLANG_WARN_DEPRECATED_OBJC_IMPLEMENTATIONS = YES;
				CLANG_WARN_DIRECT_OBJC_ISA_USAGE = YES_ERROR;
				CLANG_WARN_DOCUMENTATION_COMMENTS = YES;
				CLANG_WARN_EMPTY_BODY = YES;
				CLANG_WARN_ENUM_CONVERSION = YES;
				CLANG_WARN_INFINITE_RECURSION = YES;
				CLANG_WARN_INT_CONVERSION = YES;
				CLANG_WARN_NON_LITERAL_NULL_CONVERSION = YES;
				CLANG_WARN_OBJC_IMPLICIT_RETAIN_SELF = YES;
				CLANG_WARN_OBJC_LITERAL_CONVERSION = YES;
				CLANG_WARN_OBJC_ROOT_CLASS = YES_ERROR;
				CLANG_WARN_QUOTED_INCLUDE_IN_FRAMEWORK_HEADER = YES;
				CLANG_WARN_RANGE_LOOP_ANALYSIS = YES;
				CLANG_WARN_STRICT_PROTOTYPES = YES;
				CLANG_WARN_SUSPICIOUS_MOVE = YES;
				CLANG_WARN_UNGUARDED_AVAILABILITY = YES_AGGRESSIVE;
				CLANG_WARN_UNREACHABLE_CODE = YES;
				CLANG_WARN__DUPLICATE_METHOD_MATCH = YES;
				COPY_PHASE_STRIP = NO;
				DEBUG_INFORMATION_FORMAT = dwarf;
				ENABLE_STRICT_OBJC_MSGSEND = YES;
				ENABLE_TESTABILITY = YES;
				GCC_C_LANGUAGE_STANDARD = gnu11;
				GCC_DYNAMIC_NO_PIC = NO;
				GCC_NO_COMMON_BLOCKS = YES;
				GCC_OPTIMIZATION_LEVEL = 0;
				GCC_PREPROCESSOR_DEFINITIONS = (
					"DEBUG=1",
					"$(inherited)",
				);
				GCC_WARN_64_TO_32_BIT_CONVERSION = YES;
				GCC_WARN_ABOUT_RETURN_TYPE = YES_ERROR;
				GCC_WARN_UNDECLARED_SELECTOR = YES;
				GCC_WARN_UNINITIALIZED_AUTOS = YES_AGGRESSIVE;
				GCC_WARN_UNUSED_FUNCTION = YES;
				GCC_WARN_UNUSED_VARIABLE = YES;
				IPHONEOS_DEPLOYMENT_TARGET = 14.1;
				MTL_ENABLE_DEBUG_INFO = INCLUDE_SOURCE;
				MTL_FAST_MATH = YES;
				ONLY_ACTIVE_ARCH = YES;
				SDKROOT = iphoneos;
				SWIFT_ACTIVE_COMPILATION_CONDITIONS = DEBUG;
				SWIFT_OPTIMIZATION_LEVEL = "-Onone";
			};
			name = Debug;
		};
		FDBD80C925F02BF60039BF0B /* Release */ = {
			isa = XCBuildConfiguration;
			buildSettings = {
				ALWAYS_SEARCH_USER_PATHS = NO;
				CLANG_ANALYZER_NONNULL = YES;
				CLANG_ANALYZER_NUMBER_OBJECT_CONVERSION = YES_AGGRESSIVE;
				CLANG_CXX_LANGUAGE_STANDARD = "gnu++14";
				CLANG_CXX_LIBRARY = "libc++";
				CLANG_ENABLE_MODULES = YES;
				CLANG_ENABLE_OBJC_ARC = YES;
				CLANG_ENABLE_OBJC_WEAK = YES;
				CLANG_WARN_BLOCK_CAPTURE_AUTORELEASING = YES;
				CLANG_WARN_BOOL_CONVERSION = YES;
				CLANG_WARN_COMMA = YES;
				CLANG_WARN_CONSTANT_CONVERSION = YES;
				CLANG_WARN_DEPRECATED_OBJC_IMPLEMENTATIONS = YES;
				CLANG_WARN_DIRECT_OBJC_ISA_USAGE = YES_ERROR;
				CLANG_WARN_DOCUMENTATION_COMMENTS = YES;
				CLANG_WARN_EMPTY_BODY = YES;
				CLANG_WARN_ENUM_CONVERSION = YES;
				CLANG_WARN_INFINITE_RECURSION = YES;
				CLANG_WARN_INT_CONVERSION = YES;
				CLANG_WARN_NON_LITERAL_NULL_CONVERSION = YES;
				CLANG_WARN_OBJC_IMPLICIT_RETAIN_SELF = YES;
				CLANG_WARN_OBJC_LITERAL_CONVERSION = YES;
				CLANG_WARN_OBJC_ROOT_CLASS = YES_ERROR;
				CLANG_WARN_QUOTED_INCLUDE_IN_FRAMEWORK_HEADER = YES;
				CLANG_WARN_RANGE_LOOP_ANALYSIS = YES;
				CLANG_WARN_STRICT_PROTOTYPES = YES;
				CLANG_WARN_SUSPICIOUS_MOVE = YES;
				CLANG_WARN_UNGUARDED_AVAILABILITY = YES_AGGRESSIVE;
				CLANG_WARN_UNREACHABLE_CODE = YES;
				CLANG_WARN__DUPLICATE_METHOD_MATCH = YES;
				COPY_PHASE_STRIP = NO;
				DEBUG_INFORMATION_FORMAT = "dwarf-with-dsym";
				ENABLE_NS_ASSERTIONS = NO;
				ENABLE_STRICT_OBJC_MSGSEND = YES;
				GCC_C_LANGUAGE_STANDARD = gnu11;
				GCC_NO_COMMON_BLOCKS = YES;
				GCC_WARN_64_TO_32_BIT_CONVERSION = YES;
				GCC_WARN_ABOUT_RETURN_TYPE = YES_ERROR;
				GCC_WARN_UNDECLARED_SELECTOR = YES;
				GCC_WARN_UNINITIALIZED_AUTOS = YES_AGGRESSIVE;
				GCC_WARN_UNUSED_FUNCTION = YES;
				GCC_WARN_UNUSED_VARIABLE = YES;
				IPHONEOS_DEPLOYMENT_TARGET = 14.1;
				MTL_ENABLE_DEBUG_INFO = NO;
				MTL_FAST_MATH = YES;
				SDKROOT = iphoneos;
				SWIFT_COMPILATION_MODE = wholemodule;
				SWIFT_OPTIMIZATION_LEVEL = "-O";
				VALIDATE_PRODUCT = YES;
			};
			name = Release;
		};
		FDBD80CB25F02BF60039BF0B /* Debug */ = {
			isa = XCBuildConfiguration;
			baseConfigurationReference = 40845F19302275FDDBA97343 /* Pods-GluconfidenceCapstone.debug.xcconfig */;
			buildSettings = {
				ASSETCATALOG_COMPILER_APPICON_NAME = AppIcon;
				ASSETCATALOG_COMPILER_GLOBAL_ACCENT_COLOR_NAME = AccentColor;
				CLANG_ENABLE_MODULES = YES;
				CODE_SIGN_STYLE = Automatic;
				INFOPLIST_FILE = GluconfidenceCapstone/Info.plist;
				LD_RUNPATH_SEARCH_PATHS = (
					"$(inherited)",
					"@executable_path/Frameworks",
				);
				PRODUCT_BUNDLE_IDENTIFIER = Gluconfidence.GluconfidenceCapstone;
				PRODUCT_NAME = "$(TARGET_NAME)";
				SWIFT_OBJC_BRIDGING_HEADER = "GluconfidenceCapstone/GluconfidenceCapstone-Bridging-Header.h";
				SWIFT_OPTIMIZATION_LEVEL = "-Onone";
				SWIFT_VERSION = 5.0;
				TARGETED_DEVICE_FAMILY = "1,2";
			};
			name = Debug;
		};
		FDBD80CC25F02BF60039BF0B /* Release */ = {
			isa = XCBuildConfiguration;
			baseConfigurationReference = 9483F291121A261AE20B9888 /* Pods-GluconfidenceCapstone.release.xcconfig */;
			buildSettings = {
				ASSETCATALOG_COMPILER_APPICON_NAME = AppIcon;
				ASSETCATALOG_COMPILER_GLOBAL_ACCENT_COLOR_NAME = AccentColor;
				CLANG_ENABLE_MODULES = YES;
				CODE_SIGN_STYLE = Automatic;
				INFOPLIST_FILE = GluconfidenceCapstone/Info.plist;
				LD_RUNPATH_SEARCH_PATHS = (
					"$(inherited)",
					"@executable_path/Frameworks",
				);
				PRODUCT_BUNDLE_IDENTIFIER = Gluconfidence.GluconfidenceCapstone;
				PRODUCT_NAME = "$(TARGET_NAME)";
				SWIFT_OBJC_BRIDGING_HEADER = "GluconfidenceCapstone/GluconfidenceCapstone-Bridging-Header.h";
				SWIFT_VERSION = 5.0;
				TARGETED_DEVICE_FAMILY = "1,2";
			};
			name = Release;
		};
		FDBD80CE25F02BF60039BF0B /* Debug */ = {
			isa = XCBuildConfiguration;
			baseConfigurationReference = 2BBAB2DE468EFD9D7CD05BF0 /* Pods-GluconfidenceCapstoneTests.debug.xcconfig */;
			buildSettings = {
				ALWAYS_EMBED_SWIFT_STANDARD_LIBRARIES = YES;
				BUNDLE_LOADER = "$(TEST_HOST)";
				CODE_SIGN_STYLE = Automatic;
				INFOPLIST_FILE = GluconfidenceCapstoneTests/Info.plist;
				IPHONEOS_DEPLOYMENT_TARGET = 14.1;
				LD_RUNPATH_SEARCH_PATHS = (
					"$(inherited)",
					"@executable_path/Frameworks",
					"@loader_path/Frameworks",
				);
				PRODUCT_BUNDLE_IDENTIFIER = Gluconfidence.GluconfidenceCapstoneTests;
				PRODUCT_NAME = "$(TARGET_NAME)";
				SWIFT_VERSION = 5.0;
				TARGETED_DEVICE_FAMILY = "1,2";
				TEST_HOST = "$(BUILT_PRODUCTS_DIR)/GluconfidenceCapstone.app/GluconfidenceCapstone";
			};
			name = Debug;
		};
		FDBD80CF25F02BF60039BF0B /* Release */ = {
			isa = XCBuildConfiguration;
			baseConfigurationReference = 4750CE10D249AC4D1AAB1294 /* Pods-GluconfidenceCapstoneTests.release.xcconfig */;
			buildSettings = {
				ALWAYS_EMBED_SWIFT_STANDARD_LIBRARIES = YES;
				BUNDLE_LOADER = "$(TEST_HOST)";
				CODE_SIGN_STYLE = Automatic;
				INFOPLIST_FILE = GluconfidenceCapstoneTests/Info.plist;
				IPHONEOS_DEPLOYMENT_TARGET = 14.1;
				LD_RUNPATH_SEARCH_PATHS = (
					"$(inherited)",
					"@executable_path/Frameworks",
					"@loader_path/Frameworks",
				);
				PRODUCT_BUNDLE_IDENTIFIER = Gluconfidence.GluconfidenceCapstoneTests;
				PRODUCT_NAME = "$(TARGET_NAME)";
				SWIFT_VERSION = 5.0;
				TARGETED_DEVICE_FAMILY = "1,2";
				TEST_HOST = "$(BUILT_PRODUCTS_DIR)/GluconfidenceCapstone.app/GluconfidenceCapstone";
			};
			name = Release;
		};
		FDBD80D125F02BF60039BF0B /* Debug */ = {
			isa = XCBuildConfiguration;
			baseConfigurationReference = F16E1DB5EAFA1AE5BB6BC641 /* Pods-GluconfidenceCapstone-GluconfidenceCapstoneUITests.debug.xcconfig */;
			buildSettings = {
				ALWAYS_EMBED_SWIFT_STANDARD_LIBRARIES = YES;
				CODE_SIGN_STYLE = Automatic;
				INFOPLIST_FILE = GluconfidenceCapstoneUITests/Info.plist;
				LD_RUNPATH_SEARCH_PATHS = (
					"$(inherited)",
					"@executable_path/Frameworks",
					"@loader_path/Frameworks",
				);
				PRODUCT_BUNDLE_IDENTIFIER = Gluconfidence.GluconfidenceCapstoneUITests;
				PRODUCT_NAME = "$(TARGET_NAME)";
				SWIFT_VERSION = 5.0;
				TARGETED_DEVICE_FAMILY = "1,2";
				TEST_TARGET_NAME = GluconfidenceCapstone;
			};
			name = Debug;
		};
		FDBD80D225F02BF60039BF0B /* Release */ = {
			isa = XCBuildConfiguration;
			baseConfigurationReference = 9332397BC2AB38AABFE6E3AE /* Pods-GluconfidenceCapstone-GluconfidenceCapstoneUITests.release.xcconfig */;
			buildSettings = {
				ALWAYS_EMBED_SWIFT_STANDARD_LIBRARIES = YES;
				CODE_SIGN_STYLE = Automatic;
				INFOPLIST_FILE = GluconfidenceCapstoneUITests/Info.plist;
				LD_RUNPATH_SEARCH_PATHS = (
					"$(inherited)",
					"@executable_path/Frameworks",
					"@loader_path/Frameworks",
				);
				PRODUCT_BUNDLE_IDENTIFIER = Gluconfidence.GluconfidenceCapstoneUITests;
				PRODUCT_NAME = "$(TARGET_NAME)";
				SWIFT_VERSION = 5.0;
				TARGETED_DEVICE_FAMILY = "1,2";
				TEST_TARGET_NAME = GluconfidenceCapstone;
			};
			name = Release;
		};
/* End XCBuildConfiguration section */

/* Begin XCConfigurationList section */
		FDBD809825F02BF50039BF0B /* Build configuration list for PBXProject "GluconfidenceCapstone" */ = {
			isa = XCConfigurationList;
			buildConfigurations = (
				FDBD80C825F02BF60039BF0B /* Debug */,
				FDBD80C925F02BF60039BF0B /* Release */,
			);
			defaultConfigurationIsVisible = 0;
			defaultConfigurationName = Release;
		};
		FDBD80CA25F02BF60039BF0B /* Build configuration list for PBXNativeTarget "GluconfidenceCapstone" */ = {
			isa = XCConfigurationList;
			buildConfigurations = (
				FDBD80CB25F02BF60039BF0B /* Debug */,
				FDBD80CC25F02BF60039BF0B /* Release */,
			);
			defaultConfigurationIsVisible = 0;
			defaultConfigurationName = Release;
		};
		FDBD80CD25F02BF60039BF0B /* Build configuration list for PBXNativeTarget "GluconfidenceCapstoneTests" */ = {
			isa = XCConfigurationList;
			buildConfigurations = (
				FDBD80CE25F02BF60039BF0B /* Debug */,
				FDBD80CF25F02BF60039BF0B /* Release */,
			);
			defaultConfigurationIsVisible = 0;
			defaultConfigurationName = Release;
		};
		FDBD80D025F02BF60039BF0B /* Build configuration list for PBXNativeTarget "GluconfidenceCapstoneUITests" */ = {
			isa = XCConfigurationList;
			buildConfigurations = (
				FDBD80D125F02BF60039BF0B /* Debug */,
				FDBD80D225F02BF60039BF0B /* Release */,
			);
			defaultConfigurationIsVisible = 0;
			defaultConfigurationName = Release;
		};
/* End XCConfigurationList section */

/* Begin XCRemoteSwiftPackageReference section */
		FDD6A70B2603F2B800C4DA82 /* XCRemoteSwiftPackageReference "ElegantCalendar" */ = {
			isa = XCRemoteSwiftPackageReference;
			repositoryURL = "https://github.com/ThasianX/ElegantCalendar";
			requirement = {
				kind = upToNextMajorVersion;
				minimumVersion = 4.3.1;
			};
		};
/* End XCRemoteSwiftPackageReference section */

/* Begin XCSwiftPackageProductDependency section */
		FDD6A70C2603F2B800C4DA82 /* ElegantCalendar */ = {
			isa = XCSwiftPackageProductDependency;
			package = FDD6A70B2603F2B800C4DA82 /* XCRemoteSwiftPackageReference "ElegantCalendar" */;
			productName = ElegantCalendar;
		};
/* End XCSwiftPackageProductDependency section */

/* Begin XCVersionGroup section */
		FDBD80A925F02BF60039BF0B /* GluconfidenceCapstone.xcdatamodeld */ = {
			isa = XCVersionGroup;
			children = (
				FDBD80AA25F02BF60039BF0B /* GluconfidenceCapstone.xcdatamodel */,
			);
			currentVersion = FDBD80AA25F02BF60039BF0B /* GluconfidenceCapstone.xcdatamodel */;
			path = GluconfidenceCapstone.xcdatamodeld;
			sourceTree = "<group>";
			versionGroupType = wrapper.xcdatamodel;
		};
/* End XCVersionGroup section */
	};
	rootObject = FDBD809525F02BF50039BF0B /* Project object */;
}
